
Microsoft Visual Studio Solution File, Format Version 11.00
# Visual Studio 2010
Project("{8BC9CEB8-8B4A-11D0-8D11-00A0C91BC942}") = "L3QD", "L3QD.vcxproj", "{34B8889D-A9F9-4373-BF6B-5D9D5D3116F1}"
EndProject
Global
	GlobalSection(SolutionConfigurationPlatforms) = preSolution
		Debug|Win32 = Debug|Win32
		Release|Win32 = Release|Win32
	EndGlobalSection
	GlobalSection(ProjectConfigurationPlatforms) = postSolution
		{34B8889D-A9F9-4373-BF6B-5D9D5D3116F1}.Debug|Win32.ActiveCfg = Debug|Win32
		{34B8889D-A9F9-4373-BF6B-5D9D5D3116F1}.Debug|Win32.Build.0 = Debug|Win32
		{34B8889D-A9F9-4373-BF6B-5D9D5D3116F1}.Release|Win32.ActiveCfg = Release|Win32
		{34B8889D-A9F9-4373-BF6B-5D9D5D3116F1}.Release|Win32.Build.0 = Release|Win32
	EndGlobalSection
	GlobalSection(SolutionProperties) = preSolution
		HideSolutionNode = FALSE
	EndGlobalSection
EndGlobal
