
Microsoft Visual Studio Solution File, Format Version 11.00
# Visual Studio 2010
Project("{8BC9CEB8-8B4A-11D0-8D11-00A0C91BC942}") = "L2Q1", "L2Q1.vcxproj", "{FBC079DF-0530-4906-87B6-6A4496EE1727}"
EndProject
Global
	GlobalSection(SolutionConfigurationPlatforms) = preSolution
		Debug|Win32 = Debug|Win32
		Release|Win32 = Release|Win32
	EndGlobalSection
	GlobalSection(ProjectConfigurationPlatforms) = postSolution
		{FBC079DF-0530-4906-87B6-6A4496EE1727}.Debug|Win32.ActiveCfg = Debug|Win32
		{FBC079DF-0530-4906-87B6-6A4496EE1727}.Debug|Win32.Build.0 = Debug|Win32
		{FBC079DF-0530-4906-87B6-6A4496EE1727}.Release|Win32.ActiveCfg = Release|Win32
		{FBC079DF-0530-4906-87B6-6A4496EE1727}.Release|Win32.Build.0 = Release|Win32
	EndGlobalSection
	GlobalSection(SolutionProperties) = preSolution
		HideSolutionNode = FALSE
	EndGlobalSection
EndGlobal
